
Microsoft Visual Studio Solution File, Format Version 12.00
# Visual Studio 15
VisualStudioVersion = 15.0.26124.0
MinimumVisualStudioVersion = 15.0.26124.0
Project("{FAE04EC0-301F-11D3-BF4B-00C04F79EFBC}") = "Maze", "Maze\Maze.csproj", "{119E472D-0FAF-4182-8826-721CD6923FFF}"
EndProject
Project("{FAE04EC0-301F-11D3-BF4B-00C04F79EFBC}") = "Maze.Tests", "Maze.Tests\Maze.Tests.csproj", "{A44ECE5C-0268-4933-8545-BC00EEDA1DE3}"
EndProject
Project("{FAE04EC0-301F-11D3-BF4B-00C04F79EFBC}") = "Main", "Main\Main.csproj", "{E2675391-9059-4CA1-B953-050523672906}"
EndProject
Global
	GlobalSection(SolutionConfigurationPlatforms) = preSolution
		Debug|Any CPU = Debug|Any CPU
		Debug|x64 = Debug|x64
		Debug|x86 = Debug|x86
		Release|Any CPU = Release|Any CPU
		Release|x64 = Release|x64
		Release|x86 = Release|x86
	EndGlobalSection
	GlobalSection(SolutionProperties) = preSolution
		HideSolutionNode = FALSE
	EndGlobalSection
	GlobalSection(ProjectConfigurationPlatforms) = postSolution
		{119E472D-0FAF-4182-8826-721CD6923FFF}.Debug|Any CPU.ActiveCfg = Debug|Any CPU
		{119E472D-0FAF-4182-8826-721CD6923FFF}.Debug|Any CPU.Build.0 = Debug|Any CPU
		{119E472D-0FAF-4182-8826-721CD6923FFF}.Debug|x64.ActiveCfg = Debug|Any CPU
		{119E472D-0FAF-4182-8826-721CD6923FFF}.Debug|x64.Build.0 = Debug|Any CPU
		{119E472D-0FAF-4182-8826-721CD6923FFF}.Debug|x86.ActiveCfg = Debug|Any CPU
		{119E472D-0FAF-4182-8826-721CD6923FFF}.Debug|x86.Build.0 = Debug|Any CPU
		{119E472D-0FAF-4182-8826-721CD6923FFF}.Release|Any CPU.ActiveCfg = Release|Any CPU
		{119E472D-0FAF-4182-8826-721CD6923FFF}.Release|Any CPU.Build.0 = Release|Any CPU
		{119E472D-0FAF-4182-8826-721CD6923FFF}.Release|x64.ActiveCfg = Release|Any CPU
		{119E472D-0FAF-4182-8826-721CD6923FFF}.Release|x64.Build.0 = Release|Any CPU
		{119E472D-0FAF-4182-8826-721CD6923FFF}.Release|x86.ActiveCfg = Release|Any CPU
		{119E472D-0FAF-4182-8826-721CD6923FFF}.Release|x86.Build.0 = Release|Any CPU
		{A44ECE5C-0268-4933-8545-BC00EEDA1DE3}.Debug|Any CPU.ActiveCfg = Debug|Any CPU
		{A44ECE5C-0268-4933-8545-BC00EEDA1DE3}.Debug|Any CPU.Build.0 = Debug|Any CPU
		{A44ECE5C-0268-4933-8545-BC00EEDA1DE3}.Debug|x64.ActiveCfg = Debug|Any CPU
		{A44ECE5C-0268-4933-8545-BC00EEDA1DE3}.Debug|x64.Build.0 = Debug|Any CPU
		{A44ECE5C-0268-4933-8545-BC00EEDA1DE3}.Debug|x86.ActiveCfg = Debug|Any CPU
		{A44ECE5C-0268-4933-8545-BC00EEDA1DE3}.Debug|x86.Build.0 = Debug|Any CPU
		{A44ECE5C-0268-4933-8545-BC00EEDA1DE3}.Release|Any CPU.ActiveCfg = Release|Any CPU
		{A44ECE5C-0268-4933-8545-BC00EEDA1DE3}.Release|Any CPU.Build.0 = Release|Any CPU
		{A44ECE5C-0268-4933-8545-BC00EEDA1DE3}.Release|x64.ActiveCfg = Release|Any CPU
		{A44ECE5C-0268-4933-8545-BC00EEDA1DE3}.Release|x64.Build.0 = Release|Any CPU
		{A44ECE5C-0268-4933-8545-BC00EEDA1DE3}.Release|x86.ActiveCfg = Release|Any CPU
		{A44ECE5C-0268-4933-8545-BC00EEDA1DE3}.Release|x86.Build.0 = Release|Any CPU
		{E2675391-9059-4CA1-B953-050523672906}.Debug|Any CPU.ActiveCfg = Debug|Any CPU
		{E2675391-9059-4CA1-B953-050523672906}.Debug|Any CPU.Build.0 = Debug|Any CPU
		{E2675391-9059-4CA1-B953-050523672906}.Debug|x64.ActiveCfg = Debug|Any CPU
		{E2675391-9059-4CA1-B953-050523672906}.Debug|x64.Build.0 = Debug|Any CPU
		{E2675391-9059-4CA1-B953-050523672906}.Debug|x86.ActiveCfg = Debug|Any CPU
		{E2675391-9059-4CA1-B953-050523672906}.Debug|x86.Build.0 = Debug|Any CPU
		{E2675391-9059-4CA1-B953-050523672906}.Release|Any CPU.ActiveCfg = Release|Any CPU
		{E2675391-9059-4CA1-B953-050523672906}.Release|Any CPU.Build.0 = Release|Any CPU
		{E2675391-9059-4CA1-B953-050523672906}.Release|x64.ActiveCfg = Release|Any CPU
		{E2675391-9059-4CA1-B953-050523672906}.Release|x64.Build.0 = Release|Any CPU
		{E2675391-9059-4CA1-B953-050523672906}.Release|x86.ActiveCfg = Release|Any CPU
		{E2675391-9059-4CA1-B953-050523672906}.Release|x86.Build.0 = Release|Any CPU
	EndGlobalSection
EndGlobal
